// !$*UTF8*$!
{
	archiveVersion = 1;
	classes = {
	};
	objectVersion = 48;
	objects = {

/* Begin PBXBuildFile section */
		6D7A47951F9EF88D00E87574 /* AppDelegate.swift in Sources */ = {isa = PBXBuildFile; fileRef = 6D7A47941F9EF88D00E87574 /* AppDelegate.swift */; };
		6D7A47971F9EF88D00E87574 /* ViewController.swift in Sources */ = {isa = PBXBuildFile; fileRef = 6D7A47961F9EF88D00E87574 /* ViewController.swift */; };
		6D7A479A1F9EF88D00E87574 /* Main.storyboard in Resources */ = {isa = PBXBuildFile; fileRef = 6D7A47981F9EF88D00E87574 /* Main.storyboard */; };
		6D7A479C1F9EF88D00E87574 /* Assets.xcassets in Resources */ = {isa = PBXBuildFile; fileRef = 6D7A479B1F9EF88D00E87574 /* Assets.xcassets */; };
		6D7A479F1F9EF88D00E87574 /* LaunchScreen.storyboard in Resources */ = {isa = PBXBuildFile; fileRef = 6D7A479D1F9EF88D00E87574 /* LaunchScreen.storyboard */; };
		6D7A47AA1F9EF88D00E87574 /* The_Running_GagTests.swift in Sources */ = {isa = PBXBuildFile; fileRef = 6D7A47A91F9EF88D00E87574 /* The_Running_GagTests.swift */; };
		6D7A47B51F9EF88D00E87574 /* The_Running_GagUITests.swift in Sources */ = {isa = PBXBuildFile; fileRef = 6D7A47B41F9EF88D00E87574 /* The_Running_GagUITests.swift */; };
/* End PBXBuildFile section */

/* Begin PBXContainerItemProxy section */
		6D7A47A61F9EF88D00E87574 /* PBXContainerItemProxy */ = {
			isa = PBXContainerItemProxy;
			containerPortal = 6D7A47891F9EF88D00E87574 /* Project object */;
			proxyType = 1;
			remoteGlobalIDString = 6D7A47901F9EF88D00E87574;
			remoteInfo = "The Running Gag";
		};
		6D7A47B11F9EF88D00E87574 /* PBXContainerItemProxy */ = {
			isa = PBXContainerItemProxy;
			containerPortal = 6D7A47891F9EF88D00E87574 /* Project object */;
			proxyType = 1;
			remoteGlobalIDString = 6D7A47901F9EF88D00E87574;
			remoteInfo = "The Running Gag";
		};
/* End PBXContainerItemProxy section */

/* Begin PBXFileReference section */
		6D7A47911F9EF88D00E87574 /* The Running Gag.app */ = {isa = PBXFileReference; explicitFileType = wrapper.application; includeInIndex = 0; path = "The Running Gag.app"; sourceTree = BUILT_PRODUCTS_DIR; };
		6D7A47941F9EF88D00E87574 /* AppDelegate.swift */ = {isa = PBXFileReference; lastKnownFileType = sourcecode.swift; path = AppDelegate.swift; sourceTree = "<group>"; };
		6D7A47961F9EF88D00E87574 /* ViewController.swift */ = {isa = PBXFileReference; lastKnownFileType = sourcecode.swift; path = ViewController.swift; sourceTree = "<group>"; };
		6D7A47991F9EF88D00E87574 /* Base */ = {isa = PBXFileReference; lastKnownFileType = file.storyboard; name = Base; path = Base.lproj/Main.storyboard; sourceTree = "<group>"; };
		6D7A479B1F9EF88D00E87574 /* Assets.xcassets */ = {isa = PBXFileReference; lastKnownFileType = folder.assetcatalog; path = Assets.xcassets; sourceTree = "<group>"; };
		6D7A479E1F9EF88D00E87574 /* Base */ = {isa = PBXFileReference; lastKnownFileType = file.storyboard; name = Base; path = Base.lproj/LaunchScreen.storyboard; sourceTree = "<group>"; };
		6D7A47A01F9EF88D00E87574 /* Info.plist */ = {isa = PBXFileReference; lastKnownFileType = text.plist.xml; path = Info.plist; sourceTree = "<group>"; };
		6D7A47A51F9EF88D00E87574 /* The Running GagTests.xctest */ = {isa = PBXFileReference; explicitFileType = wrapper.cfbundle; includeInIndex = 0; path = "The Running GagTests.xctest"; sourceTree = BUILT_PRODUCTS_DIR; };
		6D7A47A91F9EF88D00E87574 /* The_Running_GagTests.swift */ = {isa = PBXFileReference; lastKnownFileType = sourcecode.swift; path = The_Running_GagTests.swift; sourceTree = "<group>"; };
		6D7A47AB1F9EF88D00E87574 /* Info.plist */ = {isa = PBXFileReference; lastKnownFileType = text.plist.xml; path = Info.plist; sourceTree = "<group>"; };
		6D7A47B01F9EF88D00E87574 /* The Running GagUITests.xctest */ = {isa = PBXFileReference; explicitFileType = wrapper.cfbundle; includeInIndex = 0; path = "The Running GagUITests.xctest"; sourceTree = BUILT_PRODUCTS_DIR; };
		6D7A47B41F9EF88D00E87574 /* The_Running_GagUITests.swift */ = {isa = PBXFileReference; lastKnownFileType = sourcecode.swift; path = The_Running_GagUITests.swift; sourceTree = "<group>"; };
		6D7A47B61F9EF88D00E87574 /* Info.plist */ = {isa = PBXFileReference; lastKnownFileType = text.plist.xml; path = Info.plist; sourceTree = "<group>"; };
/* End PBXFileReference section */

/* Begin PBXFrameworksBuildPhase section */
		6D7A478E1F9EF88D00E87574 /* Frameworks */ = {
			isa = PBXFrameworksBuildPhase;
			buildActionMask = 2147483647;
			files = (
			);
			runOnlyForDeploymentPostprocessing = 0;
		};
		6D7A47A21F9EF88D00E87574 /* Frameworks */ = {
			isa = PBXFrameworksBuildPhase;
			buildActionMask = 2147483647;
			files = (
			);
			runOnlyForDeploymentPostprocessing = 0;
		};
		6D7A47AD1F9EF88D00E87574 /* Frameworks */ = {
			isa = PBXFrameworksBuildPhase;
			buildActionMask = 2147483647;
			files = (
			);
			runOnlyForDeploymentPostprocessing = 0;
		};
/* End PBXFrameworksBuildPhase section */

/* Begin PBXGroup section */
		6D7A47881F9EF88D00E87574 = {
			isa = PBXGroup;
			children = (
				6D7A47931F9EF88D00E87574 /* The Running Gag */,
				6D7A47A81F9EF88D00E87574 /* The Running GagTests */,
				6D7A47B31F9EF88D00E87574 /* The Running GagUITests */,
				6D7A47921F9EF88D00E87574 /* Products */,
			);
			sourceTree = "<group>";
		};
		6D7A47921F9EF88D00E87574 /* Products */ = {
			isa = PBXGroup;
			children = (
				6D7A47911F9EF88D00E87574 /* The Running Gag.app */,
				6D7A47A51F9EF88D00E87574 /* The Running GagTests.xctest */,
				6D7A47B01F9EF88D00E87574 /* The Running GagUITests.xctest */,
			);
			name = Products;
			sourceTree = "<group>";
		};
		6D7A47931F9EF88D00E87574 /* The Running Gag */ = {
			isa = PBXGroup;
			children = (
				6D7A47941F9EF88D00E87574 /* AppDelegate.swift */,
				6D7A47961F9EF88D00E87574 /* ViewController.swift */,
				6D7A47981F9EF88D00E87574 /* Main.storyboard */,
				6D7A479B1F9EF88D00E87574 /* Assets.xcassets */,
				6D7A479D1F9EF88D00E87574 /* LaunchScreen.storyboard */,
				6D7A47A01F9EF88D00E87574 /* Info.plist */,
			);
			path = "The Running Gag";
			sourceTree = "<group>";
		};
		6D7A47A81F9EF88D00E87574 /* The Running GagTests */ = {
			isa = PBXGroup;
			children = (
				6D7A47A91F9EF88D00E87574 /* The_Running_GagTests.swift */,
				6D7A47AB1F9EF88D00E87574 /* Info.plist */,
			);
			path = "The Running GagTests";
			sourceTree = "<group>";
		};
		6D7A47B31F9EF88D00E87574 /* The Running GagUITests */ = {
			isa = PBXGroup;
			children = (
				6D7A47B41F9EF88D00E87574 /* The_Running_GagUITests.swift */,
				6D7A47B61F9EF88D00E87574 /* Info.plist */,
			);
			path = "The Running GagUITests";
			sourceTree = "<group>";
		};
/* End PBXGroup section */

/* Begin PBXNativeTarget section */
		6D7A47901F9EF88D00E87574 /* The Running Gag */ = {
			isa = PBXNativeTarget;
			buildConfigurationList = 6D7A47B91F9EF88D00E87574 /* Build configuration list for PBXNativeTarget "The Running Gag" */;
			buildPhases = (
				6D7A478D1F9EF88D00E87574 /* Sources */,
				6D7A478E1F9EF88D00E87574 /* Frameworks */,
				6D7A478F1F9EF88D00E87574 /* Resources */,
			);
			buildRules = (
			);
			dependencies = (
			);
			name = "The Running Gag";
			productName = "The Running Gag";
			productReference = 6D7A47911F9EF88D00E87574 /* The Running Gag.app */;
			productType = "com.apple.product-type.application";
		};
		6D7A47A41F9EF88D00E87574 /* The Running GagTests */ = {
			isa = PBXNativeTarget;
			buildConfigurationList = 6D7A47BC1F9EF88D00E87574 /* Build configuration list for PBXNativeTarget "The Running GagTests" */;
			buildPhases = (
				6D7A47A11F9EF88D00E87574 /* Sources */,
				6D7A47A21F9EF88D00E87574 /* Frameworks */,
				6D7A47A31F9EF88D00E87574 /* Resources */,
			);
			buildRules = (
			);
			dependencies = (
				6D7A47A71F9EF88D00E87574 /* PBXTargetDependency */,
			);
			name = "The Running GagTests";
			productName = "The Running GagTests";
			productReference = 6D7A47A51F9EF88D00E87574 /* The Running GagTests.xctest */;
			productType = "com.apple.product-type.bundle.unit-test";
		};
		6D7A47AF1F9EF88D00E87574 /* The Running GagUITests */ = {
			isa = PBXNativeTarget;
			buildConfigurationList = 6D7A47BF1F9EF88D00E87574 /* Build configuration list for PBXNativeTarget "The Running GagUITests" */;
			buildPhases = (
				6D7A47AC1F9EF88D00E87574 /* Sources */,
				6D7A47AD1F9EF88D00E87574 /* Frameworks */,
				6D7A47AE1F9EF88D00E87574 /* Resources */,
			);
			buildRules = (
			);
			dependencies = (
				6D7A47B21F9EF88D00E87574 /* PBXTargetDependency */,
			);
			name = "The Running GagUITests";
			productName = "The Running GagUITests";
			productReference = 6D7A47B01F9EF88D00E87574 /* The Running GagUITests.xctest */;
			productType = "com.apple.product-type.bundle.ui-testing";
		};
/* End PBXNativeTarget section */

/* Begin PBXProject section */
		6D7A47891F9EF88D00E87574 /* Project object */ = {
			isa = PBXProject;
			attributes = {
				LastSwiftUpdateCheck = 0900;
				LastUpgradeCheck = 0900;
				ORGANIZATIONNAME = LegendarySilverback;
				TargetAttributes = {
					6D7A47901F9EF88D00E87574 = {
						CreatedOnToolsVersion = 9.0.1;
						ProvisioningStyle = Automatic;
					};
					6D7A47A41F9EF88D00E87574 = {
						CreatedOnToolsVersion = 9.0.1;
						ProvisioningStyle = Automatic;
						TestTargetID = 6D7A47901F9EF88D00E87574;
					};
					6D7A47AF1F9EF88D00E87574 = {
						CreatedOnToolsVersion = 9.0.1;
						ProvisioningStyle = Automatic;
						TestTargetID = 6D7A47901F9EF88D00E87574;
					};
				};
			};
			buildConfigurationList = 6D7A478C1F9EF88D00E87574 /* Build configuration list for PBXProject "The Running Gag" */;
			compatibilityVersion = "Xcode 8.0";
			developmentRegion = en;
			hasScannedForEncodings = 0;
			knownRegions = (
				en,
				Base,
			);
			mainGroup = 6D7A47881F9EF88D00E87574;
			productRefGroup = 6D7A47921F9EF88D00E87574 /* Products */;
			projectDirPath = "";
			projectRoot = "";
			targets = (
				6D7A47901F9EF88D00E87574 /* The Running Gag */,
				6D7A47A41F9EF88D00E87574 /* The Running GagTests */,
				6D7A47AF1F9EF88D00E87574 /* The Running GagUITests */,
			);
		};
/* End PBXProject section */

/* Begin PBXResourcesBuildPhase section */
		6D7A478F1F9EF88D00E87574 /* Resources */ = {
			isa = PBXResourcesBuildPhase;
			buildActionMask = 2147483647;
			files = (
				6D7A479F1F9EF88D00E87574 /* LaunchScreen.storyboard in Resources */,
				6D7A479C1F9EF88D00E87574 /* Assets.xcassets in Resources */,
				6D7A479A1F9EF88D00E87574 /* Main.storyboard in Resources */,
			);
			runOnlyForDeploymentPostprocessing = 0;
		};
		6D7A47A31F9EF88D00E87574 /* Resources */ = {
			isa = PBXResourcesBuildPhase;
			buildActionMask = 2147483647;
			files = (
			);
			runOnlyForDeploymentPostprocessing = 0;
		};
		6D7A47AE1F9EF88D00E87574 /* Resources */ = {
			isa = PBXResourcesBuildPhase;
			buildActionMask = 2147483647;
			files = (
			);
			runOnlyForDeploymentPostprocessing = 0;
		};
/* End PBXResourcesBuildPhase section */

/* Begin PBXSourcesBuildPhase section */
		6D7A478D1F9EF88D00E87574 /* Sources */ = {
			isa = PBXSourcesBuildPhase;
			buildActionMask = 2147483647;
			files = (
				6D7A47971F9EF88D00E87574 /* ViewController.swift in Sources */,
				6D7A47951F9EF88D00E87574 /* AppDelegate.swift in Sources */,
			);
			runOnlyForDeploymentPostprocessing = 0;
		};
		6D7A47A11F9EF88D00E87574 /* Sources */ = {
			isa = PBXSourcesBuildPhase;
			buildActionMask = 2147483647;
			files = (
				6D7A47AA1F9EF88D00E87574 /* The_Running_GagTests.swift in Sources */,
			);
			runOnlyForDeploymentPostprocessing = 0;
		};
		6D7A47AC1F9EF88D00E87574 /* Sources */ = {
			isa = PBXSourcesBuildPhase;
			buildActionMask = 2147483647;
			files = (
				6D7A47B51F9EF88D00E87574 /* The_Running_GagUITests.swift in Sources */,
			);
			runOnlyForDeploymentPostprocessing = 0;
		};
/* End PBXSourcesBuildPhase section */

/* Begin PBXTargetDependency section */
		6D7A47A71F9EF88D00E87574 /* PBXTargetDependency */ = {
			isa = PBXTargetDependency;
			target = 6D7A47901F9EF88D00E87574 /* The Running Gag */;
			targetProxy = 6D7A47A61F9EF88D00E87574 /* PBXContainerItemProxy */;
		};
		6D7A47B21F9EF88D00E87574 /* PBXTargetDependency */ = {
			isa = PBXTargetDependency;
			target = 6D7A47901F9EF88D00E87574 /* The Running Gag */;
			targetProxy = 6D7A47B11F9EF88D00E87574 /* PBXContainerItemProxy */;
		};
/* End PBXTargetDependency section */

/* Begin PBXVariantGroup section */
		6D7A47981F9EF88D00E87574 /* Main.storyboard */ = {
			isa = PBXVariantGroup;
			children = (
				6D7A47991F9EF88D00E87574 /* Base */,
			);
			name = Main.storyboard;
			sourceTree = "<group>";
		};
		6D7A479D1F9EF88D00E87574 /* LaunchScreen.storyboard */ = {
			isa = PBXVariantGroup;
			children = (
				6D7A479E1F9EF88D00E87574 /* Base */,
			);
			name = LaunchScreen.storyboard;
			sourceTree = "<group>";
		};
/* End PBXVariantGroup section */

/* Begin XCBuildConfiguration section */
		6D7A47B71F9EF88D00E87574 /* Debug */ = {
			isa = XCBuildConfiguration;
			buildSettings = {
				ALWAYS_SEARCH_USER_PATHS = NO;
				CLANG_ANALYZER_NONNULL = YES;
				CLANG_ANALYZER_NUMBER_OBJECT_CONVERSION = YES_AGGRESSIVE;
				CLANG_CXX_LANGUAGE_STANDARD = "gnu++14";
				CLANG_CXX_LIBRARY = "libc++";
				CLANG_ENABLE_MODULES = YES;
				CLANG_ENABLE_OBJC_ARC = YES;
				CLANG_WARN_BLOCK_CAPTURE_AUTORELEASING = YES;
				CLANG_WARN_BOOL_CONVERSION = YES;
				CLANG_WARN_COMMA = YES;
				CLANG_WARN_CONSTANT_CONVERSION = YES;
				CLANG_WARN_DIRECT_OBJC_ISA_USAGE = YES_ERROR;
				CLANG_WARN_DOCUMENTATION_COMMENTS = YES;
				CLANG_WARN_EMPTY_BODY = YES;
				CLANG_WARN_ENUM_CONVERSION = YES;
				CLANG_WARN_INFINITE_RECURSION = YES;
				CLANG_WARN_INT_CONVERSION = YES;
				CLANG_WARN_NON_LITERAL_NULL_CONVERSION = YES;
				CLANG_WARN_OBJC_LITERAL_CONVERSION = YES;
				CLANG_WARN_OBJC_ROOT_CLASS = YES_ERROR;
				CLANG_WARN_RANGE_LOOP_ANALYSIS = YES;
				CLANG_WARN_STRICT_PROTOTYPES = YES;
				CLANG_WARN_SUSPICIOUS_MOVE = YES;
				CLANG_WARN_UNGUARDED_AVAILABILITY = YES_AGGRESSIVE;
				CLANG_WARN_UNREACHABLE_CODE = YES;
				CLANG_WARN__DUPLICATE_METHOD_MATCH = YES;
				CODE_SIGN_IDENTITY = "iPhone Developer";
				COPY_PHASE_STRIP = NO;
				DEBUG_INFORMATION_FORMAT = dwarf;
				ENABLE_STRICT_OBJC_MSGSEND = YES;
				ENABLE_TESTABILITY = YES;
				GCC_C_LANGUAGE_STANDARD = gnu11;
				GCC_DYNAMIC_NO_PIC = NO;
				GCC_NO_COMMON_BLOCKS = YES;
				GCC_OPTIMIZATION_LEVEL = 0;
				GCC_PREPROCESSOR_DEFINITIONS = (
					"DEBUG=1",
					"$(inherited)",
				);
				GCC_WARN_64_TO_32_BIT_CONVERSION = YES;
				GCC_WARN_ABOUT_RETURN_TYPE = YES_ERROR;
				GCC_WARN_UNDECLARED_SELECTOR = YES;
				GCC_WARN_UNINITIALIZED_AUTOS = YES_AGGRESSIVE;
				GCC_WARN_UNUSED_FUNCTION = YES;
				GCC_WARN_UNUSED_VARIABLE = YES;
				IPHONEOS_DEPLOYMENT_TARGET = 11.0;
				MTL_ENABLE_DEBUG_INFO = YES;
				ONLY_ACTIVE_ARCH = YES;
				SDKROOT = iphoneos;
				SWIFT_ACTIVE_COMPILATION_CONDITIONS = DEBUG;
				SWIFT_OPTIMIZATION_LEVEL = "-Onone";
			};
			name = Debug;
		};
		6D7A47B81F9EF88D00E87574 /* Release */ = {
			isa = XCBuildConfiguration;
			buildSettings = {
				ALWAYS_SEARCH_USER_PATHS = NO;
				CLANG_ANALYZER_NONNULL = YES;
				CLANG_ANALYZER_NUMBER_OBJECT_CONVERSION = YES_AGGRESSIVE;
				CLANG_CXX_LANGUAGE_STANDARD = "gnu++14";
				CLANG_CXX_LIBRARY = "libc++";
				CLANG_ENABLE_MODULES = YES;
				CLANG_ENABLE_OBJC_ARC = YES;
				CLANG_WARN_BLOCK_CAPTURE_AUTORELEASING = YES;
				CLANG_WARN_BOOL_CONVERSION = YES;
				CLANG_WARN_COMMA = YES;
				CLANG_WARN_CONSTANT_CONVERSION = YES;
				CLANG_WARN_DIRECT_OBJC_ISA_USAGE = YES_ERROR;
				CLANG_WARN_DOCUMENTATION_COMMENTS = YES;
				CLANG_WARN_EMPTY_BODY = YES;
				CLANG_WARN_ENUM_CONVERSION = YES;
				CLANG_WARN_INFINITE_RECURSION = YES;
				CLANG_WARN_INT_CONVERSION = YES;
				CLANG_WARN_NON_LITERAL_NULL_CONVERSION = YES;
				CLANG_WARN_OBJC_LITERAL_CONVERSION = YES;
				CLANG_WARN_OBJC_ROOT_CLASS = YES_ERROR;
				CLANG_WARN_RANGE_LOOP_ANALYSIS = YES;
				CLANG_WARN_STRICT_PROTOTYPES = YES;
				CLANG_WARN_SUSPICIOUS_MOVE = YES;
				CLANG_WARN_UNGUARDED_AVAILABILITY = YES_AGGRESSIVE;
				CLANG_WARN_UNREACHABLE_CODE = YES;
				CLANG_WARN__DUPLICATE_METHOD_MATCH = YES;
				CODE_SIGN_IDENTITY = "iPhone Developer";
				COPY_PHASE_STRIP = NO;
				DEBUG_INFORMATION_FORMAT = "dwarf-with-dsym";
				ENABLE_NS_ASSERTIONS = NO;
				ENABLE_STRICT_OBJC_MSGSEND = YES;
				GCC_C_LANGUAGE_STANDARD = gnu11;
				GCC_NO_COMMON_BLOCKS = YES;
				GCC_WARN_64_TO_32_BIT_CONVERSION = YES;
				GCC_WARN_ABOUT_RETURN_TYPE = YES_ERROR;
				GCC_WARN_UNDECLARED_SELECTOR = YES;
				GCC_WARN_UNINITIALIZED_AUTOS = YES_AGGRESSIVE;
				GCC_WARN_UNUSED_FUNCTION = YES;
				GCC_WARN_UNUSED_VARIABLE = YES;
				IPHONEOS_DEPLOYMENT_TARGET = 11.0;
				MTL_ENABLE_DEBUG_INFO = NO;
				SDKROOT = iphoneos;
				SWIFT_OPTIMIZATION_LEVEL = "-Owholemodule";
				VALIDATE_PRODUCT = YES;
			};
			name = Release;
		};
		6D7A47BA1F9EF88D00E87574 /* Debug */ = {
			isa = XCBuildConfiguration;
			buildSettings = {
				ASSETCATALOG_COMPILER_APPICON_NAME = AppIcon;
				CODE_SIGN_STYLE = Automatic;
				DEVELOPMENT_TEAM = 3YUW7M5MK8;
				INFOPLIST_FILE = "The Running Gag/Info.plist";
				LD_RUNPATH_SEARCH_PATHS = "$(inherited) @executable_path/Frameworks";
				PRODUCT_BUNDLE_IDENTIFIER = "LegendarySilverback.The-Running-Gag";
				PRODUCT_NAME = "$(TARGET_NAME)";
				SWIFT_VERSION = 4.0;
				TARGETED_DEVICE_FAMILY = "1,2";
			};
			name = Debug;
		};
		6D7A47BB1F9EF88D00E87574 /* Release */ = {
			isa = XCBuildConfiguration;
			buildSettings = {
				ASSETCATALOG_COMPILER_APPICON_NAME = AppIcon;
				CODE_SIGN_STYLE = Automatic;
				DEVELOPMENT_TEAM = 3YUW7M5MK8;
				INFOPLIST_FILE = "The Running Gag/Info.plist";
				LD_RUNPATH_SEARCH_PATHS = "$(inherited) @executable_path/Frameworks";
				PRODUCT_BUNDLE_IDENTIFIER = "LegendarySilverback.The-Running-Gag";
				PRODUCT_NAME = "$(TARGET_NAME)";
				SWIFT_VERSION = 4.0;
				TARGETED_DEVICE_FAMILY = "1,2";
			};
			name = Release;
		};
		6D7A47BD1F9EF88D00E87574 /* Debug */ = {
			isa = XCBuildConfiguration;
			buildSettings = {
				ALWAYS_EMBED_SWIFT_STANDARD_LIBRARIES = YES;
				BUNDLE_LOADER = "$(TEST_HOST)";
				CODE_SIGN_STYLE = Automatic;
				DEVELOPMENT_TEAM = 3YUW7M5MK8;
				INFOPLIST_FILE = "The Running GagTests/Info.plist";
				LD_RUNPATH_SEARCH_PATHS = "$(inherited) @executable_path/Frameworks @loader_path/Frameworks";
				PRODUCT_BUNDLE_IDENTIFIER = "LegendarySilverback.The-Running-GagTests";
				PRODUCT_NAME = "$(TARGET_NAME)";
				SWIFT_VERSION = 4.0;
				TARGETED_DEVICE_FAMILY = "1,2";
				TEST_HOST = "$(BUILT_PRODUCTS_DIR)/The Running Gag.app/The Running Gag";
			};
			name = Debug;
		};
		6D7A47BE1F9EF88D00E87574 /* Release */ = {
			isa = XCBuildConfiguration;
			buildSettings = {
				ALWAYS_EMBED_SWIFT_STANDARD_LIBRARIES = YES;
				BUNDLE_LOADER = "$(TEST_HOST)";
				CODE_SIGN_STYLE = Automatic;
				DEVELOPMENT_TEAM = 3YUW7M5MK8;
				INFOPLIST_FILE = "The Running GagTests/Info.plist";
				LD_RUNPATH_SEARCH_PATHS = "$(inherited) @executable_path/Frameworks @loader_path/Frameworks";
				PRODUCT_BUNDLE_IDENTIFIER = "LegendarySilverback.The-Running-GagTests";
				PRODUCT_NAME = "$(TARGET_NAME)";
				SWIFT_VERSION = 4.0;
				TARGETED_DEVICE_FAMILY = "1,2";
				TEST_HOST = "$(BUILT_PRODUCTS_DIR)/The Running Gag.app/The Running Gag";
			};
			name = Release;
		};
		6D7A47C01F9EF88D00E87574 /* Debug */ = {
			isa = XCBuildConfiguration;
			buildSettings = {
				ALWAYS_EMBED_SWIFT_STANDARD_LIBRARIES = YES;
				CODE_SIGN_STYLE = Automatic;
				DEVELOPMENT_TEAM = 3YUW7M5MK8;
				INFOPLIST_FILE = "The Running GagUITests/Info.plist";
				LD_RUNPATH_SEARCH_PATHS = "$(inherited) @executable_path/Frameworks @loader_path/Frameworks";
				PRODUCT_BUNDLE_IDENTIFIER = "LegendarySilverback.The-Running-GagUITests";
				PRODUCT_NAME = "$(TARGET_NAME)";
				SWIFT_VERSION = 4.0;
				TARGETED_DEVICE_FAMILY = "1,2";
				TEST_TARGET_NAME = "The Running Gag";
			};
			name = Debug;
		};
		6D7A47C11F9EF88D00E87574 /* Release */ = {
			isa = XCBuildConfiguration;
			buildSettings = {
				ALWAYS_EMBED_SWIFT_STANDARD_LIBRARIES = YES;
				CODE_SIGN_STYLE = Automatic;
				DEVELOPMENT_TEAM = 3YUW7M5MK8;
				INFOPLIST_FILE = "The Running GagUITests/Info.plist";
				LD_RUNPATH_SEARCH_PATHS = "$(inherited) @executable_path/Frameworks @loader_path/Frameworks";
				PRODUCT_BUNDLE_IDENTIFIER = "LegendarySilverback.The-Running-GagUITests";
				PRODUCT_NAME = "$(TARGET_NAME)";
				SWIFT_VERSION = 4.0;
				TARGETED_DEVICE_FAMILY = "1,2";
				TEST_TARGET_NAME = "The Running Gag";
			};
			name = Release;
		};
/* End XCBuildConfiguration section */

/* Begin XCConfigurationList section */
		6D7A478C1F9EF88D00E87574 /* Build configuration list for PBXProject "The Running Gag" */ = {
			isa = XCConfigurationList;
			buildConfigurations = (
				6D7A47B71F9EF88D00E87574 /* Debug */,
				6D7A47B81F9EF88D00E87574 /* Release */,
			);
			defaultConfigurationIsVisible = 0;
			defaultConfigurationName = Release;
		};
		6D7A47B91F9EF88D00E87574 /* Build configuration list for PBXNativeTarget "The Running Gag" */ = {
			isa = XCConfigurationList;
			buildConfigurations = (
				6D7A47BA1F9EF88D00E87574 /* Debug */,
				6D7A47BB1F9EF88D00E87574 /* Release */,
			);
			defaultConfigurationIsVisible = 0;
			defaultConfigurationName = Release;
		};
		6D7A47BC1F9EF88D00E87574 /* Build configuration list for PBXNativeTarget "The Running GagTests" */ = {
			isa = XCConfigurationList;
			buildConfigurations = (
				6D7A47BD1F9EF88D00E87574 /* Debug */,
				6D7A47BE1F9EF88D00E87574 /* Release */,
			);
			defaultConfigurationIsVisible = 0;
			defaultConfigurationName = Release;
		};
		6D7A47BF1F9EF88D00E87574 /* Build configuration list for PBXNativeTarget "The Running GagUITests" */ = {
			isa = XCConfigurationList;
			buildConfigurations = (
				6D7A47C01F9EF88D00E87574 /* Debug */,
				6D7A47C11F9EF88D00E87574 /* Release */,
			);
			defaultConfigurationIsVisible = 0;
			defaultConfigurationName = Release;
		};
/* End XCConfigurationList section */
	};
	rootObject = 6D7A47891F9EF88D00E87574 /* Project object */;
}
